
Microsoft Visual Studio Solution File, Format Version 12.00
# Visual Studio Version 17
VisualStudioVersion = 17.4.33213.308
MinimumVisualStudioVersion = 10.0.40219.1
Project("{FAE04EC0-301F-11D3-BF4B-00C04F79EFBC}") = "BMI-Калькулятор", "BMI-Калькулятор\BMI-Калькулятор.csproj", "{E99A4287-2FEC-4699-AF2D-4D78653DEE2E}"
EndProject
Global
	GlobalSection(SolutionConfigurationPlatforms) = preSolution
		Debug|Any CPU = Debug|Any CPU
		Release|Any CPU = Release|Any CPU
	EndGlobalSection
	GlobalSection(ProjectConfigurationPlatforms) = postSolution
		{E99A4287-2FEC-4699-AF2D-4D78653DEE2E}.Debug|Any CPU.ActiveCfg = Debug|Any CPU
		{E99A4287-2FEC-4699-AF2D-4D78653DEE2E}.Debug|Any CPU.Build.0 = Debug|Any CPU
		{E99A4287-2FEC-4699-AF2D-4D78653DEE2E}.Release|Any CPU.ActiveCfg = Release|Any CPU
		{E99A4287-2FEC-4699-AF2D-4D78653DEE2E}.Release|Any CPU.Build.0 = Release|Any CPU
	EndGlobalSection
	GlobalSection(SolutionProperties) = preSolution
		HideSolutionNode = FALSE
	EndGlobalSection
	GlobalSection(ExtensibilityGlobals) = postSolution
		SolutionGuid = {1EB81A89-8963-40FF-BBD6-A486FBA8B485}
	EndGlobalSection
EndGlobal
